
Microsoft Visual Studio Solution File, Format Version 12.00
# Visual Studio Version 17
VisualStudioVersion = 17.11.35327.3
MinimumVisualStudioVersion = 10.0.40219.1
Project("{FAE04EC0-301F-11D3-BF4B-00C04F79EFBC}") = "DSCC_CW1_Api", "DSCC_CW1_Api\DSCC_CW1_Api.csproj", "{67AA15C8-24C7-4729-ABC7-9F65B7F9A108}"
EndProject
Global
	GlobalSection(SolutionConfigurationPlatforms) = preSolution
		Debug|Any CPU = Debug|Any CPU
		Release|Any CPU = Release|Any CPU
	EndGlobalSection
	GlobalSection(ProjectConfigurationPlatforms) = postSolution
		{67AA15C8-24C7-4729-ABC7-9F65B7F9A108}.Debug|Any CPU.ActiveCfg = Debug|Any CPU
		{67AA15C8-24C7-4729-ABC7-9F65B7F9A108}.Debug|Any CPU.Build.0 = Debug|Any CPU
		{67AA15C8-24C7-4729-ABC7-9F65B7F9A108}.Release|Any CPU.ActiveCfg = Release|Any CPU
		{67AA15C8-24C7-4729-ABC7-9F65B7F9A108}.Release|Any CPU.Build.0 = Release|Any CPU
	EndGlobalSection
	GlobalSection(SolutionProperties) = preSolution
		HideSolutionNode = FALSE
	EndGlobalSection
	GlobalSection(ExtensibilityGlobals) = postSolution
		SolutionGuid = {E6D7F005-D5CC-4422-B83C-7E41EDE7B30C}
	EndGlobalSection
EndGlobal
